// !$*UTF8*$!
{
	archiveVersion = 1;
	classes = {
	};
	objectVersion = 50;
	objects = {

/* Begin PBXBuildFile section */
		F264D60822C82A7C00E6A66A /* AppDelegate.swift in Sources */ = {isa = PBXBuildFile; fileRef = F264D60722C82A7C00E6A66A /* AppDelegate.swift */; };
		F264D60A22C82A7C00E6A66A /* ViewController.swift in Sources */ = {isa = PBXBuildFile; fileRef = F264D60922C82A7C00E6A66A /* ViewController.swift */; };
		F264D60D22C82A7C00E6A66A /* Main.storyboard in Resources */ = {isa = PBXBuildFile; fileRef = F264D60B22C82A7C00E6A66A /* Main.storyboard */; };
		F264D60F22C82A7C00E6A66A /* Assets.xcassets in Resources */ = {isa = PBXBuildFile; fileRef = F264D60E22C82A7C00E6A66A /* Assets.xcassets */; };
		F264D61222C82A7C00E6A66A /* LaunchScreen.storyboard in Resources */ = {isa = PBXBuildFile; fileRef = F264D61022C82A7C00E6A66A /* LaunchScreen.storyboard */; };
		F264D61A22C82B6D00E6A66A /* Millunium-BOLD.ttf in Resources */ = {isa = PBXBuildFile; fileRef = F264D61922C82B6D00E6A66A /* Millunium-BOLD.ttf */; };
		F264D61C22C82B7800E6A66A /* SettingsViewController.swift in Sources */ = {isa = PBXBuildFile; fileRef = F264D61B22C82B7800E6A66A /* SettingsViewController.swift */; };
/* End PBXBuildFile section */

/* Begin PBXFileReference section */
		F264D60422C82A7C00E6A66A /* Chroma.app */ = {isa = PBXFileReference; explicitFileType = wrapper.application; includeInIndex = 0; path = Chroma.app; sourceTree = BUILT_PRODUCTS_DIR; };
		F264D60722C82A7C00E6A66A /* AppDelegate.swift */ = {isa = PBXFileReference; lastKnownFileType = sourcecode.swift; path = AppDelegate.swift; sourceTree = "<group>"; };
		F264D60922C82A7C00E6A66A /* ViewController.swift */ = {isa = PBXFileReference; lastKnownFileType = sourcecode.swift; path = ViewController.swift; sourceTree = "<group>"; };
		F264D60C22C82A7C00E6A66A /* Base */ = {isa = PBXFileReference; lastKnownFileType = file.storyboard; name = Base; path = Base.lproj/Main.storyboard; sourceTree = "<group>"; };
		F264D60E22C82A7C00E6A66A /* Assets.xcassets */ = {isa = PBXFileReference; lastKnownFileType = folder.assetcatalog; path = Assets.xcassets; sourceTree = "<group>"; };
		F264D61122C82A7C00E6A66A /* Base */ = {isa = PBXFileReference; lastKnownFileType = file.storyboard; name = Base; path = Base.lproj/LaunchScreen.storyboard; sourceTree = "<group>"; };
		F264D61322C82A7C00E6A66A /* Info.plist */ = {isa = PBXFileReference; lastKnownFileType = text.plist.xml; path = Info.plist; sourceTree = "<group>"; };
		F264D61922C82B6D00E6A66A /* Millunium-BOLD.ttf */ = {isa = PBXFileReference; lastKnownFileType = file; path = "Millunium-BOLD.ttf"; sourceTree = "<group>"; };
		F264D61B22C82B7800E6A66A /* SettingsViewController.swift */ = {isa = PBXFileReference; fileEncoding = 4; lastKnownFileType = sourcecode.swift; path = SettingsViewController.swift; sourceTree = "<group>"; };
/* End PBXFileReference section */

/* Begin PBXFrameworksBuildPhase section */
		F264D60122C82A7C00E6A66A /* Frameworks */ = {
			isa = PBXFrameworksBuildPhase;
			buildActionMask = 2147483647;
			files = (
			);
			runOnlyForDeploymentPostprocessing = 0;
		};
/* End PBXFrameworksBuildPhase section */

/* Begin PBXGroup section */
		F264D5FB22C82A7C00E6A66A = {
			isa = PBXGroup;
			children = (
				F264D60622C82A7C00E6A66A /* Chroma */,
				F264D60522C82A7C00E6A66A /* Products */,
			);
			sourceTree = "<group>";
		};
		F264D60522C82A7C00E6A66A /* Products */ = {
			isa = PBXGroup;
			children = (
				F264D60422C82A7C00E6A66A /* Chroma.app */,
			);
			name = Products;
			sourceTree = "<group>";
		};
		F264D60622C82A7C00E6A66A /* Chroma */ = {
			isa = PBXGroup;
			children = (
				F264D60722C82A7C00E6A66A /* AppDelegate.swift */,
				F264D60922C82A7C00E6A66A /* ViewController.swift */,
				F264D61B22C82B7800E6A66A /* SettingsViewController.swift */,
				F264D60B22C82A7C00E6A66A /* Main.storyboard */,
				F264D61022C82A7C00E6A66A /* LaunchScreen.storyboard */,
				F264D60E22C82A7C00E6A66A /* Assets.xcassets */,
				F264D61922C82B6D00E6A66A /* Millunium-BOLD.ttf */,
				F264D61322C82A7C00E6A66A /* Info.plist */,
			);
			path = Chroma;
			sourceTree = "<group>";
		};
/* End PBXGroup section */

/* Begin PBXNativeTarget section */
		F264D60322C82A7C00E6A66A /* Chroma */ = {
			isa = PBXNativeTarget;
			buildConfigurationList = F264D61622C82A7C00E6A66A /* Build configuration list for PBXNativeTarget "Chroma" */;
			buildPhases = (
				F264D60022C82A7C00E6A66A /* Sources */,
				F264D60122C82A7C00E6A66A /* Frameworks */,
				F264D60222C82A7C00E6A66A /* Resources */,
			);
			buildRules = (
			);
			dependencies = (
			);
			name = Chroma;
			productName = Chroma;
			productReference = F264D60422C82A7C00E6A66A /* Chroma.app */;
			productType = "com.apple.product-type.application";
		};
/* End PBXNativeTarget section */

/* Begin PBXProject section */
		F264D5FC22C82A7C00E6A66A /* Project object */ = {
			isa = PBXProject;
			attributes = {
				LastSwiftUpdateCheck = 1020;
				LastUpgradeCheck = 1020;
				ORGANIZATIONNAME = "Erik Salas";
				TargetAttributes = {
					F264D60322C82A7C00E6A66A = {
						CreatedOnToolsVersion = 10.2.1;
					};
				};
			};
			buildConfigurationList = F264D5FF22C82A7C00E6A66A /* Build configuration list for PBXProject "Chroma" */;
			compatibilityVersion = "Xcode 9.3";
			developmentRegion = en;
			hasScannedForEncodings = 0;
			knownRegions = (
				en,
				Base,
			);
			mainGroup = F264D5FB22C82A7C00E6A66A;
			productRefGroup = F264D60522C82A7C00E6A66A /* Products */;
			projectDirPath = "";
			projectRoot = "";
			targets = (
				F264D60322C82A7C00E6A66A /* Chroma */,
			);
		};
/* End PBXProject section */

/* Begin PBXResourcesBuildPhase section */
		F264D60222C82A7C00E6A66A /* Resources */ = {
			isa = PBXResourcesBuildPhase;
			buildActionMask = 2147483647;
			files = (
				F264D61A22C82B6D00E6A66A /* Millunium-BOLD.ttf in Resources */,
				F264D61222C82A7C00E6A66A /* LaunchScreen.storyboard in Resources */,
				F264D60F22C82A7C00E6A66A /* Assets.xcassets in Resources */,
				F264D60D22C82A7C00E6A66A /* Main.storyboard in Resources */,
			);
			runOnlyForDeploymentPostprocessing = 0;
		};
/* End PBXResourcesBuildPhase section */

/* Begin PBXSourcesBuildPhase section */
		F264D60022C82A7C00E6A66A /* Sources */ = {
			isa = PBXSourcesBuildPhase;
			buildActionMask = 2147483647;
			files = (
				F264D60A22C82A7C00E6A66A /* ViewController.swift in Sources */,
				F264D60822C82A7C00E6A66A /* AppDelegate.swift in Sources */,
				F264D61C22C82B7800E6A66A /* SettingsViewController.swift in Sources */,
			);
			runOnlyForDeploymentPostprocessing = 0;
		};
/* End PBXSourcesBuildPhase section */

/* Begin PBXVariantGroup section */
		F264D60B22C82A7C00E6A66A /* Main.storyboard */ = {
			isa = PBXVariantGroup;
			children = (
				F264D60C22C82A7C00E6A66A /* Base */,
			);
			name = Main.storyboard;
			sourceTree = "<group>";
		};
		F264D61022C82A7C00E6A66A /* LaunchScreen.storyboard */ = {
			isa = PBXVariantGroup;
			children = (
				F264D61122C82A7C00E6A66A /* Base */,
			);
			name = LaunchScreen.storyboard;
			sourceTree = "<group>";
		};
/* End PBXVariantGroup section */

/* Begin XCBuildConfiguration section */
		F264D61422C82A7C00E6A66A /* Debug */ = {
			isa = XCBuildConfiguration;
			buildSettings = {
				ALWAYS_SEARCH_USER_PATHS = NO;
				CLANG_ANALYZER_NONNULL = YES;
				CLANG_ANALYZER_NUMBER_OBJECT_CONVERSION = YES_AGGRESSIVE;
				CLANG_CXX_LANGUAGE_STANDARD = "gnu++14";
				CLANG_CXX_LIBRARY = "libc++";
				CLANG_ENABLE_MODULES = YES;
				CLANG_ENABLE_OBJC_ARC = YES;
				CLANG_ENABLE_OBJC_WEAK = YES;
				CLANG_WARN_BLOCK_CAPTURE_AUTORELEASING = YES;
				CLANG_WARN_BOOL_CONVERSION = YES;
				CLANG_WARN_COMMA = YES;
				CLANG_WARN_CONSTANT_CONVERSION = YES;
				CLANG_WARN_DEPRECATED_OBJC_IMPLEMENTATIONS = YES;
				CLANG_WARN_DIRECT_OBJC_ISA_USAGE = YES_ERROR;
				CLANG_WARN_DOCUMENTATION_COMMENTS = YES;
				CLANG_WARN_EMPTY_BODY = YES;
				CLANG_WARN_ENUM_CONVERSION = YES;
				CLANG_WARN_INFINITE_RECURSION = YES;
				CLANG_WARN_INT_CONVERSION = YES;
				CLANG_WARN_NON_LITERAL_NULL_CONVERSION = YES;
				CLANG_WARN_OBJC_IMPLICIT_RETAIN_SELF = YES;
				CLANG_WARN_OBJC_LITERAL_CONVERSION = YES;
				CLANG_WARN_OBJC_ROOT_CLASS = YES_ERROR;
				CLANG_WARN_RANGE_LOOP_ANALYSIS = YES;
				CLANG_WARN_STRICT_PROTOTYPES = YES;
				CLANG_WARN_SUSPICIOUS_MOVE = YES;
				CLANG_WARN_UNGUARDED_AVAILABILITY = YES_AGGRESSIVE;
				CLANG_WARN_UNREACHABLE_CODE = YES;
				CLANG_WARN__DUPLICATE_METHOD_MATCH = YES;
				CODE_SIGN_IDENTITY = "iPhone Developer";
				COPY_PHASE_STRIP = NO;
				DEBUG_INFORMATION_FORMAT = dwarf;
				ENABLE_STRICT_OBJC_MSGSEND = YES;
				ENABLE_TESTABILITY = YES;
				GCC_C_LANGUAGE_STANDARD = gnu11;
				GCC_DYNAMIC_NO_PIC = NO;
				GCC_NO_COMMON_BLOCKS = YES;
				GCC_OPTIMIZATION_LEVEL = 0;
				GCC_PREPROCESSOR_DEFINITIONS = (
					"DEBUG=1",
					"$(inherited)",
				);
				GCC_WARN_64_TO_32_BIT_CONVERSION = YES;
				GCC_WARN_ABOUT_RETURN_TYPE = YES_ERROR;
				GCC_WARN_UNDECLARED_SELECTOR = YES;
				GCC_WARN_UNINITIALIZED_AUTOS = YES_AGGRESSIVE;
				GCC_WARN_UNUSED_FUNCTION = YES;
				GCC_WARN_UNUSED_VARIABLE = YES;
				IPHONEOS_DEPLOYMENT_TARGET = 12.2;
				MTL_ENABLE_DEBUG_INFO = INCLUDE_SOURCE;
				MTL_FAST_MATH = YES;
				ONLY_ACTIVE_ARCH = YES;
				SDKROOT = iphoneos;
				SWIFT_ACTIVE_COMPILATION_CONDITIONS = DEBUG;
				SWIFT_OPTIMIZATION_LEVEL = "-Onone";
			};
			name = Debug;
		};
		F264D61522C82A7C00E6A66A /* Release */ = {
			isa = XCBuildConfiguration;
			buildSettings = {
				ALWAYS_SEARCH_USER_PATHS = NO;
				CLANG_ANALYZER_NONNULL = YES;
				CLANG_ANALYZER_NUMBER_OBJECT_CONVERSION = YES_AGGRESSIVE;
				CLANG_CXX_LANGUAGE_STANDARD = "gnu++14";
				CLANG_CXX_LIBRARY = "libc++";
				CLANG_ENABLE_MODULES = YES;
				CLANG_ENABLE_OBJC_ARC = YES;
				CLANG_ENABLE_OBJC_WEAK = YES;
				CLANG_WARN_BLOCK_CAPTURE_AUTORELEASING = YES;
				CLANG_WARN_BOOL_CONVERSION = YES;
				CLANG_WARN_COMMA = YES;
				CLANG_WARN_CONSTANT_CONVERSION = YES;
				CLANG_WARN_DEPRECATED_OBJC_IMPLEMENTATIONS = YES;
				CLANG_WARN_DIRECT_OBJC_ISA_USAGE = YES_ERROR;
				CLANG_WARN_DOCUMENTATION_COMMENTS = YES;
				CLANG_WARN_EMPTY_BODY = YES;
				CLANG_WARN_ENUM_CONVERSION = YES;
				CLANG_WARN_INFINITE_RECURSION = YES;
				CLANG_WARN_INT_CONVERSION = YES;
				CLANG_WARN_NON_LITERAL_NULL_CONVERSION = YES;
				CLANG_WARN_OBJC_IMPLICIT_RETAIN_SELF = YES;
				CLANG_WARN_OBJC_LITERAL_CONVERSION = YES;
				CLANG_WARN_OBJC_ROOT_CLASS = YES_ERROR;
				CLANG_WARN_RANGE_LOOP_ANALYSIS = YES;
				CLANG_WARN_STRICT_PROTOTYPES = YES;
				CLANG_WARN_SUSPICIOUS_MOVE = YES;
				CLANG_WARN_UNGUARDED_AVAILABILITY = YES_AGGRESSIVE;
				CLANG_WARN_UNREACHABLE_CODE = YES;
				CLANG_WARN__DUPLICATE_METHOD_MATCH = YES;
				CODE_SIGN_IDENTITY = "iPhone Developer";
				COPY_PHASE_STRIP = NO;
				DEBUG_INFORMATION_FORMAT = "dwarf-with-dsym";
				ENABLE_NS_ASSERTIONS = NO;
				ENABLE_STRICT_OBJC_MSGSEND = YES;
				GCC_C_LANGUAGE_STANDARD = gnu11;
				GCC_NO_COMMON_BLOCKS = YES;
				GCC_WARN_64_TO_32_BIT_CONVERSION = YES;
				GCC_WARN_ABOUT_RETURN_TYPE = YES_ERROR;
				GCC_WARN_UNDECLARED_SELECTOR = YES;
				GCC_WARN_UNINITIALIZED_AUTOS = YES_AGGRESSIVE;
				GCC_WARN_UNUSED_FUNCTION = YES;
				GCC_WARN_UNUSED_VARIABLE = YES;
				IPHONEOS_DEPLOYMENT_TARGET = 12.2;
				MTL_ENABLE_DEBUG_INFO = NO;
				MTL_FAST_MATH = YES;
				SDKROOT = iphoneos;
				SWIFT_COMPILATION_MODE = wholemodule;
				SWIFT_OPTIMIZATION_LEVEL = "-O";
				VALIDATE_PRODUCT = YES;
			};
			name = Release;
		};
		F264D61722C82A7C00E6A66A /* Debug */ = {
			isa = XCBuildConfiguration;
			buildSettings = {
				ASSETCATALOG_COMPILER_APPICON_NAME = AppIcon;
				CODE_SIGN_STYLE = Automatic;
				DEVELOPMENT_TEAM = 7XHFQ957JQ;
				INFOPLIST_FILE = Chroma/Info.plist;
				LD_RUNPATH_SEARCH_PATHS = (
					"$(inherited)",
					"@executable_path/Frameworks",
				);
				PRODUCT_BUNDLE_IDENTIFIER = com.eriksalascode.Chroma;
				PRODUCT_NAME = "$(TARGET_NAME)";
				SWIFT_VERSION = 5.0;
				TARGETED_DEVICE_FAMILY = "1,2";
			};
			name = Debug;
		};
		F264D61822C82A7C00E6A66A /* Release */ = {
			isa = XCBuildConfiguration;
			buildSettings = {
				ASSETCATALOG_COMPILER_APPICON_NAME = AppIcon;
				CODE_SIGN_STYLE = Automatic;
				DEVELOPMENT_TEAM = 7XHFQ957JQ;
				INFOPLIST_FILE = Chroma/Info.plist;
				LD_RUNPATH_SEARCH_PATHS = (
					"$(inherited)",
					"@executable_path/Frameworks",
				);
				PRODUCT_BUNDLE_IDENTIFIER = com.eriksalascode.Chroma;
				PRODUCT_NAME = "$(TARGET_NAME)";
				SWIFT_VERSION = 5.0;
				TARGETED_DEVICE_FAMILY = "1,2";
			};
			name = Release;
		};
/* End XCBuildConfiguration section */

/* Begin XCConfigurationList section */
		F264D5FF22C82A7C00E6A66A /* Build configuration list for PBXProject "Chroma" */ = {
			isa = XCConfigurationList;
			buildConfigurations = (
				F264D61422C82A7C00E6A66A /* Debug */,
				F264D61522C82A7C00E6A66A /* Release */,
			);
			defaultConfigurationIsVisible = 0;
			defaultConfigurationName = Release;
		};
		F264D61622C82A7C00E6A66A /* Build configuration list for PBXNativeTarget "Chroma" */ = {
			isa = XCConfigurationList;
			buildConfigurations = (
				F264D61722C82A7C00E6A66A /* Debug */,
				F264D61822C82A7C00E6A66A /* Release */,
			);
			defaultConfigurationIsVisible = 0;
			defaultConfigurationName = Release;
		};
/* End XCConfigurationList section */
	};
	rootObject = F264D5FC22C82A7C00E6A66A /* Project object */;
}
